<Solution>
  <Folder Name="/src/">
    <Project Path="src/LupiraTasksApi.Core/LupiraTasksApi.Core.csproj" />
    <Project Path="src/LupiraTasksApi/LupiraTasksApi.csproj" />
  </Folder>
  <Folder Name="/tests/">
    <Project Path="tests/LupiraTasksApi.Tests/LupiraTasksApi.Tests.csproj" />
  </Folder>
</Solution>
